
Microsoft Visual Studio Solution File, Format Version 12.00
# Visual Studio Version 17
VisualStudioVersion = 17.6.33829.357
MinimumVisualStudioVersion = 10.0.40219.1
Project("{FAE04EC0-301F-11D3-BF4B-00C04F79EFBC}") = "VisionCraft", "VisionCraft\VisionCraft.csproj", "{F9238FED-C076-429A-BC5A-46FF39F358A4}"
EndProject
Global
	GlobalSection(SolutionConfigurationPlatforms) = preSolution
		Debug|ARM = Debug|ARM
		Debug|ARM64 = Debug|ARM64
		Debug|x64 = Debug|x64
		Debug|x86 = Debug|x86
		Release|ARM = Release|ARM
		Release|ARM64 = Release|ARM64
		Release|x64 = Release|x64
		Release|x86 = Release|x86
	EndGlobalSection
	GlobalSection(ProjectConfigurationPlatforms) = postSolution
		{F9238FED-C076-429A-BC5A-46FF39F358A4}.Debug|ARM.ActiveCfg = Debug|ARM
		{F9238FED-C076-429A-BC5A-46FF39F358A4}.Debug|ARM.Build.0 = Debug|ARM
		{F9238FED-C076-429A-BC5A-46FF39F358A4}.Debug|ARM.Deploy.0 = Debug|ARM
		{F9238FED-C076-429A-BC5A-46FF39F358A4}.Debug|ARM64.ActiveCfg = Debug|ARM64
		{F9238FED-C076-429A-BC5A-46FF39F358A4}.Debug|ARM64.Build.0 = Debug|ARM64
		{F9238FED-C076-429A-BC5A-46FF39F358A4}.Debug|ARM64.Deploy.0 = Debug|ARM64
		{F9238FED-C076-429A-BC5A-46FF39F358A4}.Debug|x64.ActiveCfg = Debug|x64
		{F9238FED-C076-429A-BC5A-46FF39F358A4}.Debug|x64.Build.0 = Debug|x64
		{F9238FED-C076-429A-BC5A-46FF39F358A4}.Debug|x64.Deploy.0 = Debug|x64
		{F9238FED-C076-429A-BC5A-46FF39F358A4}.Debug|x86.ActiveCfg = Debug|x86
		{F9238FED-C076-429A-BC5A-46FF39F358A4}.Debug|x86.Build.0 = Debug|x86
		{F9238FED-C076-429A-BC5A-46FF39F358A4}.Debug|x86.Deploy.0 = Debug|x86
		{F9238FED-C076-429A-BC5A-46FF39F358A4}.Release|ARM.ActiveCfg = Release|ARM
		{F9238FED-C076-429A-BC5A-46FF39F358A4}.Release|ARM.Build.0 = Release|ARM
		{F9238FED-C076-429A-BC5A-46FF39F358A4}.Release|ARM.Deploy.0 = Release|ARM
		{F9238FED-C076-429A-BC5A-46FF39F358A4}.Release|ARM64.ActiveCfg = Release|ARM64
		{F9238FED-C076-429A-BC5A-46FF39F358A4}.Release|ARM64.Build.0 = Release|ARM64
		{F9238FED-C076-429A-BC5A-46FF39F358A4}.Release|ARM64.Deploy.0 = Release|ARM64
		{F9238FED-C076-429A-BC5A-46FF39F358A4}.Release|x64.ActiveCfg = Release|x64
		{F9238FED-C076-429A-BC5A-46FF39F358A4}.Release|x64.Build.0 = Release|x64
		{F9238FED-C076-429A-BC5A-46FF39F358A4}.Release|x64.Deploy.0 = Release|x64
		{F9238FED-C076-429A-BC5A-46FF39F358A4}.Release|x86.ActiveCfg = Release|x86
		{F9238FED-C076-429A-BC5A-46FF39F358A4}.Release|x86.Build.0 = Release|x86
		{F9238FED-C076-429A-BC5A-46FF39F358A4}.Release|x86.Deploy.0 = Release|x86
	EndGlobalSection
	GlobalSection(SolutionProperties) = preSolution
		HideSolutionNode = FALSE
	EndGlobalSection
	GlobalSection(ExtensibilityGlobals) = postSolution
		SolutionGuid = {3E0C9BA7-6CD9-4938-AA73-EEA7A21CA1D2}
	EndGlobalSection
EndGlobal
